
Microsoft Visual Studio Solution File, Format Version 12.00
# Visual Studio 15
VisualStudioVersion = 15.0.26730.10
MinimumVisualStudioVersion = 10.0.40219.1
Project("{FAE04EC0-301F-11D3-BF4B-00C04F79EFBC}") = "xhospital", "xhospital\xhospital.csproj", "{34A47916-8010-47BC-A59B-C5FA79D500EC}"
EndProject
Global
	GlobalSection(SolutionConfigurationPlatforms) = preSolution
		Debug|Any CPU = Debug|Any CPU
		Release|Any CPU = Release|Any CPU
	EndGlobalSection
	GlobalSection(ProjectConfigurationPlatforms) = postSolution
		{34A47916-8010-47BC-A59B-C5FA79D500EC}.Debug|Any CPU.ActiveCfg = Debug|Any CPU
		{34A47916-8010-47BC-A59B-C5FA79D500EC}.Debug|Any CPU.Build.0 = Debug|Any CPU
		{34A47916-8010-47BC-A59B-C5FA79D500EC}.Release|Any CPU.ActiveCfg = Release|Any CPU
		{34A47916-8010-47BC-A59B-C5FA79D500EC}.Release|Any CPU.Build.0 = Release|Any CPU
	EndGlobalSection
	GlobalSection(SolutionProperties) = preSolution
		HideSolutionNode = FALSE
	EndGlobalSection
	GlobalSection(ExtensibilityGlobals) = postSolution
		SolutionGuid = {54ABB0A4-EC47-4F37-832E-A98AD9CF6A59}
	EndGlobalSection
EndGlobal
